# THIS IS AN AUTOGENERATED FILE. DO NOT EDIT THIS FILE DIRECTLY.
# yarn lockfile v1


node-gyp-build@^4.1.0:
  version "4.2.1"
  resolved "https://registry.yarnpkg.com/node-gyp-build/-/node-gyp-build-4.2.1.tgz#f28f0d3d3ab268d48ab76c6f446f19bc3d0db9dc"
  integrity sha512-XyCKXsqZfLqHep1hhsMncoXuUNt/cXCjg1+8CLbu69V1TKuPiOeSGbL9n+k/ByKH8UT0p4rdIX8XkTRZV0i7Sw==

zeromq@6.0.0-beta.6:
  version "6.0.0-beta.6"
  resolved "https://registry.yarnpkg.com/zeromq/-/zeromq-6.0.0-beta.6.tgz#2b8934cafce735ea9007fd3074ec8aca9bf11204"
  integrity sha512-wLf6M7pBHijl+BRltUL2VoDpgbQcOZetiX8UzycHL8CcYFxYnRrpoG5fi3UX3+Umavz1lk4/dGaQez8qiDgr/Q==
  dependencies:
    node-gyp-build "^4.1.0"
